// !$*UTF8*$!
{
	archiveVersion = 1;
	classes = {
	};
	objectVersion = 46;
	objects = {

/* Begin PBXBuildFile section */
		5F645B391DA6E61F00B7432A /* AppDelegate.swift in Sources */ = {isa = PBXBuildFile; fileRef = 5F645B381DA6E61F00B7432A /* AppDelegate.swift */; };
		5F645B3B1DA6E61F00B7432A /* ViewController.swift in Sources */ = {isa = PBXBuildFile; fileRef = 5F645B3A1DA6E61F00B7432A /* ViewController.swift */; };
		5F645B3E1DA6E61F00B7432A /* Main.storyboard in Resources */ = {isa = PBXBuildFile; fileRef = 5F645B3C1DA6E61F00B7432A /* Main.storyboard */; };
		5F645B401DA6E61F00B7432A /* Assets.xcassets in Resources */ = {isa = PBXBuildFile; fileRef = 5F645B3F1DA6E61F00B7432A /* Assets.xcassets */; };
		5F645B431DA6E61F00B7432A /* LaunchScreen.storyboard in Resources */ = {isa = PBXBuildFile; fileRef = 5F645B411DA6E61F00B7432A /* LaunchScreen.storyboard */; };
/* End PBXBuildFile section */

/* Begin PBXFileReference section */
		5F645B351DA6E61F00B7432A /* APNSViewer.app */ = {isa = PBXFileReference; explicitFileType = wrapper.application; includeInIndex = 0; path = APNSViewer.app; sourceTree = BUILT_PRODUCTS_DIR; };
		5F645B381DA6E61F00B7432A /* AppDelegate.swift */ = {isa = PBXFileReference; lastKnownFileType = sourcecode.swift; path = AppDelegate.swift; sourceTree = "<group>"; };
		5F645B3A1DA6E61F00B7432A /* ViewController.swift */ = {isa = PBXFileReference; lastKnownFileType = sourcecode.swift; path = ViewController.swift; sourceTree = "<group>"; };
		5F645B3D1DA6E61F00B7432A /* Base */ = {isa = PBXFileReference; lastKnownFileType = file.storyboard; name = Base; path = Base.lproj/Main.storyboard; sourceTree = "<group>"; };
		5F645B3F1DA6E61F00B7432A /* Assets.xcassets */ = {isa = PBXFileReference; lastKnownFileType = folder.assetcatalog; path = Assets.xcassets; sourceTree = "<group>"; };
		5F645B421DA6E61F00B7432A /* Base */ = {isa = PBXFileReference; lastKnownFileType = file.storyboard; name = Base; path = Base.lproj/LaunchScreen.storyboard; sourceTree = "<group>"; };
		5F645B441DA6E61F00B7432A /* Info.plist */ = {isa = PBXFileReference; lastKnownFileType = text.plist.xml; path = Info.plist; sourceTree = "<group>"; };
		5F645B4A1DA6E63600B7432A /* APNSViewer.entitlements */ = {isa = PBXFileReference; lastKnownFileType = text.plist.entitlements; path = APNSViewer.entitlements; sourceTree = "<group>"; };
/* End PBXFileReference section */

/* Begin PBXFrameworksBuildPhase section */
		5F645B321DA6E61F00B7432A /* Frameworks */ = {
			isa = PBXFrameworksBuildPhase;
			buildActionMask = 2147483647;
			files = (
			);
			runOnlyForDeploymentPostprocessing = 0;
		};
/* End PBXFrameworksBuildPhase section */

/* Begin PBXGroup section */
		5F645B2C1DA6E61F00B7432A = {
			isa = PBXGroup;
			children = (
				5F645B371DA6E61F00B7432A /* APNSViewer */,
				5F645B361DA6E61F00B7432A /* Products */,
			);
			sourceTree = "<group>";
		};
		5F645B361DA6E61F00B7432A /* Products */ = {
			isa = PBXGroup;
			children = (
				5F645B351DA6E61F00B7432A /* APNSViewer.app */,
			);
			name = Products;
			sourceTree = "<group>";
		};
		5F645B371DA6E61F00B7432A /* APNSViewer */ = {
			isa = PBXGroup;
			children = (
				5F645B4A1DA6E63600B7432A /* APNSViewer.entitlements */,
				5F645B381DA6E61F00B7432A /* AppDelegate.swift */,
				5F645B3A1DA6E61F00B7432A /* ViewController.swift */,
				5F645B3C1DA6E61F00B7432A /* Main.storyboard */,
				5F645B3F1DA6E61F00B7432A /* Assets.xcassets */,
				5F645B411DA6E61F00B7432A /* LaunchScreen.storyboard */,
				5F645B441DA6E61F00B7432A /* Info.plist */,
			);
			path = APNSViewer;
			sourceTree = "<group>";
		};
/* End PBXGroup section */

/* Begin PBXNativeTarget section */
		5F645B341DA6E61F00B7432A /* APNSViewer */ = {
			isa = PBXNativeTarget;
			buildConfigurationList = 5F645B471DA6E61F00B7432A /* Build configuration list for PBXNativeTarget "APNSViewer" */;
			buildPhases = (
				5F645B311DA6E61F00B7432A /* Sources */,
				5F645B321DA6E61F00B7432A /* Frameworks */,
				5F645B331DA6E61F00B7432A /* Resources */,
			);
			buildRules = (
			);
			dependencies = (
			);
			name = APNSViewer;
			productName = APNSViewer;
			productReference = 5F645B351DA6E61F00B7432A /* APNSViewer.app */;
			productType = "com.apple.product-type.application";
		};
/* End PBXNativeTarget section */

/* Begin PBXProject section */
		5F645B2D1DA6E61F00B7432A /* Project object */ = {
			isa = PBXProject;
			attributes = {
				LastSwiftUpdateCheck = 0800;
				LastUpgradeCheck = 0800;
				ORGANIZATIONNAME = Auth0;
				TargetAttributes = {
					5F645B341DA6E61F00B7432A = {
						CreatedOnToolsVersion = 8.0;
						DevelopmentTeam = 86WQXF56BC;
						ProvisioningStyle = Manual;
						SystemCapabilities = {
							com.apple.Push = {
								enabled = 1;
							};
						};
					};
				};
			};
			buildConfigurationList = 5F645B301DA6E61F00B7432A /* Build configuration list for PBXProject "APNSViewer" */;
			compatibilityVersion = "Xcode 3.2";
			developmentRegion = English;
			hasScannedForEncodings = 0;
			knownRegions = (
				en,
				Base,
			);
			mainGroup = 5F645B2C1DA6E61F00B7432A;
			productRefGroup = 5F645B361DA6E61F00B7432A /* Products */;
			projectDirPath = "";
			projectRoot = "";
			targets = (
				5F645B341DA6E61F00B7432A /* APNSViewer */,
			);
		};
/* End PBXProject section */

/* Begin PBXResourcesBuildPhase section */
		5F645B331DA6E61F00B7432A /* Resources */ = {
			isa = PBXResourcesBuildPhase;
			buildActionMask = 2147483647;
			files = (
				5F645B431DA6E61F00B7432A /* LaunchScreen.storyboard in Resources */,
				5F645B401DA6E61F00B7432A /* Assets.xcassets in Resources */,
				5F645B3E1DA6E61F00B7432A /* Main.storyboard in Resources */,
			);
			runOnlyForDeploymentPostprocessing = 0;
		};
/* End PBXResourcesBuildPhase section */

/* Begin PBXSourcesBuildPhase section */
		5F645B311DA6E61F00B7432A /* Sources */ = {
			isa = PBXSourcesBuildPhase;
			buildActionMask = 2147483647;
			files = (
				5F645B3B1DA6E61F00B7432A /* ViewController.swift in Sources */,
				5F645B391DA6E61F00B7432A /* AppDelegate.swift in Sources */,
			);
			runOnlyForDeploymentPostprocessing = 0;
		};
/* End PBXSourcesBuildPhase section */

/* Begin PBXVariantGroup section */
		5F645B3C1DA6E61F00B7432A /* Main.storyboard */ = {
			isa = PBXVariantGroup;
			children = (
				5F645B3D1DA6E61F00B7432A /* Base */,
			);
			name = Main.storyboard;
			sourceTree = "<group>";
		};
		5F645B411DA6E61F00B7432A /* LaunchScreen.storyboard */ = {
			isa = PBXVariantGroup;
			children = (
				5F645B421DA6E61F00B7432A /* Base */,
			);
			name = LaunchScreen.storyboard;
			sourceTree = "<group>";
		};
/* End PBXVariantGroup section */

/* Begin XCBuildConfiguration section */
		5F645B451DA6E61F00B7432A /* Debug */ = {
			isa = XCBuildConfiguration;
			buildSettings = {
				ALWAYS_SEARCH_USER_PATHS = NO;
				CLANG_ANALYZER_NONNULL = YES;
				CLANG_CXX_LANGUAGE_STANDARD = "gnu++0x";
				CLANG_CXX_LIBRARY = "libc++";
				CLANG_ENABLE_MODULES = YES;
				CLANG_ENABLE_OBJC_ARC = YES;
				CLANG_WARN_BOOL_CONVERSION = YES;
				CLANG_WARN_CONSTANT_CONVERSION = YES;
				CLANG_WARN_DIRECT_OBJC_ISA_USAGE = YES_ERROR;
				CLANG_WARN_DOCUMENTATION_COMMENTS = YES;
				CLANG_WARN_EMPTY_BODY = YES;
				CLANG_WARN_ENUM_CONVERSION = YES;
				CLANG_WARN_INFINITE_RECURSION = YES;
				CLANG_WARN_INT_CONVERSION = YES;
				CLANG_WARN_OBJC_ROOT_CLASS = YES_ERROR;
				CLANG_WARN_SUSPICIOUS_MOVES = YES;
				CLANG_WARN_UNREACHABLE_CODE = YES;
				CLANG_WARN__DUPLICATE_METHOD_MATCH = YES;
				"CODE_SIGN_IDENTITY[sdk=iphoneos*]" = "iPhone Developer";
				COPY_PHASE_STRIP = NO;
				DEBUG_INFORMATION_FORMAT = dwarf;
				ENABLE_STRICT_OBJC_MSGSEND = YES;
				ENABLE_TESTABILITY = YES;
				GCC_C_LANGUAGE_STANDARD = gnu99;
				GCC_DYNAMIC_NO_PIC = NO;
				GCC_NO_COMMON_BLOCKS = YES;
				GCC_OPTIMIZATION_LEVEL = 0;
				GCC_PREPROCESSOR_DEFINITIONS = (
					"DEBUG=1",
					"$(inherited)",
				);
				GCC_WARN_64_TO_32_BIT_CONVERSION = YES;
				GCC_WARN_ABOUT_RETURN_TYPE = YES_ERROR;
				GCC_WARN_UNDECLARED_SELECTOR = YES;
				GCC_WARN_UNINITIALIZED_AUTOS = YES_AGGRESSIVE;
				GCC_WARN_UNUSED_FUNCTION = YES;
				GCC_WARN_UNUSED_VARIABLE = YES;
				IPHONEOS_DEPLOYMENT_TARGET = 10.0;
				MTL_ENABLE_DEBUG_INFO = YES;
				ONLY_ACTIVE_ARCH = YES;
				SDKROOT = iphoneos;
				SWIFT_ACTIVE_COMPILATION_CONDITIONS = DEBUG;
				SWIFT_OPTIMIZATION_LEVEL = "-Onone";
			};
			name = Debug;
		};
		5F645B461DA6E61F00B7432A /* Release */ = {
			isa = XCBuildConfiguration;
			buildSettings = {
				ALWAYS_SEARCH_USER_PATHS = NO;
				CLANG_ANALYZER_NONNULL = YES;
				CLANG_CXX_LANGUAGE_STANDARD = "gnu++0x";
				CLANG_CXX_LIBRARY = "libc++";
				CLANG_ENABLE_MODULES = YES;
				CLANG_ENABLE_OBJC_ARC = YES;
				CLANG_WARN_BOOL_CONVERSION = YES;
				CLANG_WARN_CONSTANT_CONVERSION = YES;
				CLANG_WARN_DIRECT_OBJC_ISA_USAGE = YES_ERROR;
				CLANG_WARN_DOCUMENTATION_COMMENTS = YES;
				CLANG_WARN_EMPTY_BODY = YES;
				CLANG_WARN_ENUM_CONVERSION = YES;
				CLANG_WARN_INFINITE_RECURSION = YES;
				CLANG_WARN_INT_CONVERSION = YES;
				CLANG_WARN_OBJC_ROOT_CLASS = YES_ERROR;
				CLANG_WARN_SUSPICIOUS_MOVES = YES;
				CLANG_WARN_UNREACHABLE_CODE = YES;
				CLANG_WARN__DUPLICATE_METHOD_MATCH = YES;
				"CODE_SIGN_IDENTITY[sdk=iphoneos*]" = "iPhone Developer";
				COPY_PHASE_STRIP = NO;
				DEBUG_INFORMATION_FORMAT = "dwarf-with-dsym";
				ENABLE_NS_ASSERTIONS = NO;
				ENABLE_STRICT_OBJC_MSGSEND = YES;
				GCC_C_LANGUAGE_STANDARD = gnu99;
				GCC_NO_COMMON_BLOCKS = YES;
				GCC_WARN_64_TO_32_BIT_CONVERSION = YES;
				GCC_WARN_ABOUT_RETURN_TYPE = YES_ERROR;
				GCC_WARN_UNDECLARED_SELECTOR = YES;
				GCC_WARN_UNINITIALIZED_AUTOS = YES_AGGRESSIVE;
				GCC_WARN_UNUSED_FUNCTION = YES;
				GCC_WARN_UNUSED_VARIABLE = YES;
				IPHONEOS_DEPLOYMENT_TARGET = 10.0;
				MTL_ENABLE_DEBUG_INFO = NO;
				SDKROOT = iphoneos;
				SWIFT_OPTIMIZATION_LEVEL = "-Owholemodule";
				VALIDATE_PRODUCT = YES;
			};
			name = Release;
		};
		5F645B481DA6E61F00B7432A /* Debug */ = {
			isa = XCBuildConfiguration;
			buildSettings = {
				ASSETCATALOG_COMPILER_APPICON_NAME = AppIcon;
				CODE_SIGN_ENTITLEMENTS = APNSViewer/APNSViewer.entitlements;
				DEVELOPMENT_TEAM = 86WQXF56BC;
				INFOPLIST_FILE = APNSViewer/Info.plist;
				LD_RUNPATH_SEARCH_PATHS = "$(inherited) @executable_path/Frameworks";
				PRODUCT_BUNDLE_IDENTIFIER = "com.auth0.apns-viewer";
				PRODUCT_NAME = "$(TARGET_NAME)";
				PROVISIONING_PROFILE = "75e1571f-096c-4b53-8793-cafe84e06ba5";
				PROVISIONING_PROFILE_SPECIFIER = "match Development com.auth0.apns-viewer";
				SWIFT_VERSION = 3.0;
			};
			name = Debug;
		};
		5F645B491DA6E61F00B7432A /* Release */ = {
			isa = XCBuildConfiguration;
			buildSettings = {
				ASSETCATALOG_COMPILER_APPICON_NAME = AppIcon;
				CODE_SIGN_ENTITLEMENTS = APNSViewer/APNSViewer.entitlements;
				DEVELOPMENT_TEAM = "";
				INFOPLIST_FILE = APNSViewer/Info.plist;
				LD_RUNPATH_SEARCH_PATHS = "$(inherited) @executable_path/Frameworks";
				PRODUCT_BUNDLE_IDENTIFIER = "com.auth0.apns-viewer";
				PRODUCT_NAME = "$(TARGET_NAME)";
				SWIFT_VERSION = 3.0;
			};
			name = Release;
		};
/* End XCBuildConfiguration section */

/* Begin XCConfigurationList section */
		5F645B301DA6E61F00B7432A /* Build configuration list for PBXProject "APNSViewer" */ = {
			isa = XCConfigurationList;
			buildConfigurations = (
				5F645B451DA6E61F00B7432A /* Debug */,
				5F645B461DA6E61F00B7432A /* Release */,
			);
			defaultConfigurationIsVisible = 0;
			defaultConfigurationName = Release;
		};
		5F645B471DA6E61F00B7432A /* Build configuration list for PBXNativeTarget "APNSViewer" */ = {
			isa = XCConfigurationList;
			buildConfigurations = (
				5F645B481DA6E61F00B7432A /* Debug */,
				5F645B491DA6E61F00B7432A /* Release */,
			);
			defaultConfigurationIsVisible = 0;
			defaultConfigurationName = Release;
		};
/* End XCConfigurationList section */
	};
	rootObject = 5F645B2D1DA6E61F00B7432A /* Project object */;
}
